
Microsoft Visual Studio Solution File, Format Version 12.00
# Visual Studio Version 17
VisualStudioVersion = 17.6.33829.357
MinimumVisualStudioVersion = 10.0.40219.1
Project("{FAE04EC0-301F-11D3-BF4B-00C04F79EFBC}") = "AutoShutdown", "AutoShutdown\AutoShutdown.csproj", "{976241D8-E347-4B73-8576-DB8FC37BB65E}"
EndProject
Global
	GlobalSection(SolutionConfigurationPlatforms) = preSolution
		Debug|Any CPU = Debug|Any CPU
		Release|Any CPU = Release|Any CPU
	EndGlobalSection
	GlobalSection(ProjectConfigurationPlatforms) = postSolution
		{976241D8-E347-4B73-8576-DB8FC37BB65E}.Debug|Any CPU.ActiveCfg = Debug|Any CPU
		{976241D8-E347-4B73-8576-DB8FC37BB65E}.Debug|Any CPU.Build.0 = Debug|Any CPU
		{976241D8-E347-4B73-8576-DB8FC37BB65E}.Release|Any CPU.ActiveCfg = Release|Any CPU
		{976241D8-E347-4B73-8576-DB8FC37BB65E}.Release|Any CPU.Build.0 = Release|Any CPU
	EndGlobalSection
	GlobalSection(SolutionProperties) = preSolution
		HideSolutionNode = FALSE
	EndGlobalSection
	GlobalSection(ExtensibilityGlobals) = postSolution
		SolutionGuid = {F882F817-D71A-4F17-A894-EC0AF2C0DB88}
	EndGlobalSection
EndGlobal
